[[package]]
name = "aioesphomeapi"
version = "19.3.0"
description = "Python API for interacting with ESPHome devices."
category = "main"
optional = false
python-versions = ">=3.9"

[package.dependencies]
async-timeout = {version = ">=4.0", markers = "python_version < \"3.11\""}
chacha20poly1305-reuseable = ">=0.2.5"
noiseprotocol = ">=0.3.1,<1.0"
protobuf = ">=3.19.0"
zeroconf = ">=0.36.0,<1.0"

[[package]]
name = "apprise"
version = "1.7.5"
description = "Push Notifications that work with just about every platform!"
category = "main"
optional = false
python-versions = ">=3.6"

[package.dependencies]
certifi = "*"
click = ">=5.0"
markdown = "*"
PyYAML = "*"
requests = "*"
requests-oauthlib = "*"

[[package]]
name = "astral"
version = "3.2"
description = "Calculations for the position of the sun and moon."
category = "main"
optional = false
python-versions = ">=3.7,<4.0"

[package.dependencies]
tzdata = {version = "*", markers = "sys_platform == \"win32\""}

[[package]]
name = "async-timeout"
version = "4.0.3"
description = "Timeout context manager for asyncio programs"
category = "main"
optional = false
python-versions = ">=3.7"

[[package]]
name = "attr"
version = "0.3.2"
description = "Simple decorator to set attributes of target function or class in a DRY way."
category = "main"
optional = false
python-versions = "*"

[[package]]
name = "attrs"
version = "23.2.0"
description = "Classes Without Boilerplate"
category = "main"
optional = false
python-versions = ">=3.7"

[package.extras]
cov = ["attrs", "coverage[toml] (>=5.3)"]
dev = ["attrs", "pre-commit"]
docs = ["furo", "myst-parser", "sphinx", "sphinx-notfound-page", "sphinxcontrib-towncrier", "towncrier", "zope-interface"]
tests = ["attrs", "zope-interface"]
tests-mypy = ["mypy (>=1.6)", "pytest-mypy-plugins"]
tests-no-zope = ["attrs", "cloudpickle", "hypothesis", "pympler", "pytest-xdist", "pytest (>=4.3.0)"]

[[package]]
name = "autocommand"
version = "2.2.2"
description = "A library to create a command-line program from a function"
category = "main"
optional = false
python-versions = ">=3.7"

[[package]]
name = "backports.tarfile"
version = "1.0.0"
description = "Backport of CPython tarfile module"
category = "main"
optional = false
python-versions = ">=3.8"

[package.extras]
docs = ["sphinx (>=3.5)", "jaraco.packaging (>=9.3)", "rst.linker (>=1.9)", "furo", "sphinx-lint"]
testing = ["pytest (>=6,!=8.1.1)", "pytest-checkdocs (>=2.4)", "pytest-cov", "pytest-enabler (>=2.2)"]

[[package]]
name = "blinker"
version = "1.7.0"
description = "Fast, simple object-to-object and broadcast signaling"
category = "main"
optional = false
python-versions = ">=3.8"

[[package]]
name = "certifi"
version = "2024.2.2"
description = "Python package for providing Mozilla's CA Bundle."
category = "main"
optional = false
python-versions = ">=3.6"

[[package]]
name = "cffi"
version = "1.16.0"
description = "Foreign Function Interface for Python calling C code."
category = "main"
optional = false
python-versions = ">=3.8"

[package.dependencies]
pycparser = "*"

[[package]]
name = "chacha20poly1305-reuseable"
version = "0.12.1"
description = "ChaCha20Poly1305 that is reuseable for asyncio"
category = "main"
optional = false
python-versions = ">=3.8,<4.0"

[package.dependencies]
cryptography = ">=42.0.0"

[[package]]
name = "charset-normalizer"
version = "3.3.2"
description = "The Real First Universal Charset Detector. Open, modern and actively maintained alternative to Chardet."
category = "main"
optional = false
python-versions = ">=3.7.0"

[[package]]
name = "cheroot"
version = "10.0.0"
description = "Highly-optimized, pure-python HTTP server"
category = "main"
optional = false
python-versions = ">=3.6"

[package.dependencies]
"jaraco.functools" = "*"
more-itertools = ">=2.6"

[package.extras]
docs = ["sphinx (>=1.8.2)", "jaraco.packaging (>=3.2)", "sphinx-tabs (>=1.1.0)", "furo", "python-dateutil", "sphinxcontrib-apidoc (>=0.3.0)"]

[[package]]
name = "cherrypy"
version = "18.9.0"
description = "Object-Oriented HTTP framework"
category = "main"
optional = false
python-versions = ">=3.6"

[package.dependencies]
cheroot = ">=8.2.1"
"jaraco.collections" = "*"
more-itertools = "*"
portend = ">=2.1.1"
"zc.lockfile" = "*"

[package.extras]
docs = ["sphinx", "docutils", "alabaster", "sphinxcontrib-apidoc (>=0.3.0)", "rst.linker (>=1.11)", "jaraco.packaging (>=3.2)", "setuptools"]
json = ["simplejson"]
memcached_session = ["python-memcached (>=1.58)"]
routes_dispatcher = ["routes (>=2.3.1)"]
ssl = ["pyopenssl"]
testing = ["coverage", "codecov", "objgraph", "pytest (>=5.3.5)", "pytest-cov", "pytest-forked", "pytest-sugar", "path.py", "requests-toolbelt", "pytest-services (>=2)", "setuptools"]
xcgi = ["flup"]

[[package]]
name = "click"
version = "8.1.7"
description = "Composable command line interface toolkit"
category = "main"
optional = false
python-versions = ">=3.7"

[package.dependencies]
colorama = {version = "*", markers = "platform_system == \"Windows\""}

[[package]]
name = "colorama"
version = "0.4.6"
description = "Cross-platform colored terminal text."
category = "main"
optional = false
python-versions = "!=3.0.*,!=3.1.*,!=3.2.*,!=3.3.*,!=3.4.*,!=3.5.*,!=3.6.*,>=2.7"

[[package]]
name = "colorzero"
version = "2.0"
description = "Yet another Python color library"
category = "main"
optional = false
python-versions = "*"

[package.extras]
doc = ["pkginfo", "sphinx", "sphinx-rtd-theme"]
test = ["pytest", "pytest-cov"]

[[package]]
name = "cryptography"
version = "42.0.5"
description = "cryptography is a package which provides cryptographic recipes and primitives to Python developers."
category = "main"
optional = false
python-versions = ">=3.7"

[package.dependencies]
cffi = {version = ">=1.12", markers = "platform_python_implementation != \"PyPy\""}

[package.extras]
docs = ["sphinx (>=5.3.0)", "sphinx-rtd-theme (>=1.1.1)"]
docstest = ["pyenchant (>=1.6.11)", "readme-renderer", "sphinxcontrib-spelling (>=4.0.1)"]
nox = ["nox"]
pep8test = ["ruff", "mypy", "check-sdist", "click"]
sdist = ["build"]
ssh = ["bcrypt (>=3.1.5)"]
test = ["pytest (>=6.2.0)", "pytest-benchmark", "pytest-cov", "pytest-xdist", "pretend", "certifi"]
test-randomorder = ["pytest-randomly"]

[[package]]
name = "evdev"
version = "1.7.0"
description = "Bindings to the Linux input handling subsystem"
category = "main"
optional = false
python-versions = ">=3.6"

[[package]]
name = "exceptiongroup"
version = "1.2.0"
description = "Backport of PEP 654 (exception groups)"
category = "main"
optional = false
python-versions = ">=3.7"

[package.extras]
test = ["pytest (>=6)"]

[[package]]
name = "ffmpeg-python"
version = "0.2.0"
description = "Python bindings for FFmpeg - with complex filtering support"
category = "main"
optional = false
python-versions = "*"

[package.dependencies]
future = "*"

[package.extras]
dev = ["future (==0.17.1)", "numpy (==1.16.4)", "pytest-mock (==1.10.4)", "pytest (==4.6.1)", "Sphinx (==2.1.0)", "tox (==3.12.1)"]

[[package]]
name = "flask"
version = "3.0.3"
description = "A simple framework for building complex web applications."
category = "main"
optional = false
python-versions = ">=3.8"

[package.dependencies]
blinker = ">=1.6.2"
click = ">=8.1.3"
itsdangerous = ">=2.1.2"
Jinja2 = ">=3.1.2"
Werkzeug = ">=3.0.0"

[package.extras]
async = ["asgiref (>=3.2)"]
dotenv = ["python-dotenv"]

[[package]]
name = "future"
version = "1.0.0"
description = "Clean single-source support for Python 3 and 2"
category = "main"
optional = false
python-versions = ">=2.6, !=3.0.*, !=3.1.*, !=3.2.*"

[[package]]
name = "gpiozero"
version = "2.0.1"
description = "A simple interface to GPIO devices with Raspberry Pi"
category = "main"
optional = false
python-versions = ">=3.9"

[package.dependencies]
colorzero = "*"

[package.extras]
doc = ["sphinx-rtd-theme (>=1.0)", "sphinx (>=4.0)"]
test = ["pytest", "pytest-cov"]

[[package]]
name = "holidays"
version = "0.46"
description = "Generate and work with holidays in Python"
category = "main"
optional = false
python-versions = ">=3.8"

[package.dependencies]
python-dateutil = "*"

[[package]]
name = "icemedia"
version = "0.1.1"
description = "A GStreamer wrapper with JACK connection management"
category = "main"
optional = false
python-versions = ">=3.6"

[package.dependencies]
JACK-Client = "*"
scullery = "*"

[[package]]
name = "idna"
version = "3.6"
description = "Internationalized Domain Names in Applications (IDNA)"
category = "main"
optional = false
python-versions = ">=3.5"

[[package]]
name = "ifaddr"
version = "0.2.0"
description = "Cross-platform network interface and IP address enumeration library"
category = "main"
optional = false
python-versions = "*"

[[package]]
name = "inflect"
version = "7.2.0"
description = "Correctly generate plurals, singular nouns, ordinals, indefinite articles; convert numbers to words"
category = "main"
optional = false
python-versions = ">=3.8"

[package.dependencies]
more-itertools = "*"
typeguard = ">=4.0.1"
typing-extensions = "*"

[package.extras]
docs = ["sphinx (>=3.5)", "jaraco.packaging (>=9.3)", "rst.linker (>=1.9)", "furo", "sphinx-lint", "jaraco.tidelift (>=1.4)"]
testing = ["pytest (>=6)", "pytest-checkdocs (>=2.4)", "pytest-cov", "pytest-mypy", "pytest-enabler (>=2.2)", "pytest-ruff (>=0.2.1)", "pygments"]

[[package]]
name = "iniconfig"
version = "2.0.0"
description = "brain-dead simple config-ini parsing"
category = "main"
optional = false
python-versions = ">=3.7"

[[package]]
name = "iot-devices"
version = "0.1.18"
description = ""
category = "main"
optional = false
python-versions = "*"

[package.dependencies]
colorzero = "*"
gpiozero = "*"
paho-mqtt = "*"
scullery = "*"
urwid = "*"
yeelight = "*"

[[package]]
name = "isodate"
version = "0.6.1"
description = "An ISO 8601 date/time/duration parser and formatter"
category = "main"
optional = false
python-versions = "*"

[package.dependencies]
six = "*"

[[package]]
name = "itsdangerous"
version = "2.1.2"
description = "Safely pass data to untrusted environments and back."
category = "main"
optional = false
python-versions = ">=3.7"

[[package]]
name = "jack-client"
version = "0.5.4"
description = "JACK Audio Connection Kit (JACK) Client for Python"
category = "main"
optional = false
python-versions = ">=3.7"

[package.dependencies]
CFFI = ">=1.0"

[package.extras]
numpy = ["numpy"]

[[package]]
name = "jaraco.collections"
version = "5.0.0"
description = "Collection objects similar to those in stdlib by jaraco"
category = "main"
optional = false
python-versions = ">=3.8"

[package.dependencies]
"jaraco.text" = "*"

[package.extras]
docs = ["sphinx (>=3.5)", "sphinx (<7.2.5)", "jaraco.packaging (>=9.3)", "rst.linker (>=1.9)", "furo", "sphinx-lint", "jaraco.tidelift (>=1.4)"]
testing = ["pytest (>=6)", "pytest-checkdocs (>=2.4)", "pytest-cov", "pytest-enabler (>=2.2)", "pytest-ruff", "pytest-black (>=0.3.7)", "pytest-mypy (>=0.9.1)"]

[[package]]
name = "jaraco.context"
version = "5.3.0"
description = "Useful decorators and context managers"
category = "main"
optional = false
python-versions = ">=3.8"

[package.dependencies]
"backports.tarfile" = {version = "*", markers = "python_version < \"3.12\""}

[package.extras]
docs = ["sphinx (>=3.5)", "jaraco.packaging (>=9.3)", "rst.linker (>=1.9)", "furo", "sphinx-lint", "jaraco.tidelift (>=1.4)"]
testing = ["pytest (>=6,!=8.1.1)", "pytest-checkdocs (>=2.4)", "pytest-cov", "pytest-mypy", "pytest-enabler (>=2.2)", "pytest-ruff (>=0.2.1)", "portend"]

[[package]]
name = "jaraco.functools"
version = "4.0.0"
description = "Functools like those found in stdlib"
category = "main"
optional = false
python-versions = ">=3.8"

[package.dependencies]
more-itertools = "*"

[package.extras]
docs = ["sphinx (>=3.5)", "sphinx (<7.2.5)", "jaraco.packaging (>=9.3)", "rst.linker (>=1.9)", "furo", "sphinx-lint", "jaraco.tidelift (>=1.4)"]
testing = ["pytest (>=6)", "pytest-checkdocs (>=2.4)", "pytest-cov", "pytest-enabler (>=2.2)", "pytest-ruff", "jaraco.classes", "pytest-black (>=0.3.7)", "pytest-mypy (>=0.9.1)"]

[[package]]
name = "jaraco.text"
version = "3.12.0"
description = "Module for text manipulation"
category = "main"
optional = false
python-versions = ">=3.8"

[package.dependencies]
autocommand = "*"
inflect = "*"
"jaraco.context" = ">=4.1"
"jaraco.functools" = "*"
more-itertools = "*"

[package.extras]
docs = ["sphinx (>=3.5)", "sphinx (<7.2.5)", "jaraco.packaging (>=9.3)", "rst.linker (>=1.9)", "furo", "sphinx-lint", "jaraco.tidelift (>=1.4)"]
testing = ["pytest (>=6)", "pytest-checkdocs (>=2.4)", "pytest-cov", "pytest-enabler (>=2.2)", "pytest-ruff", "pytest-black (>=0.3.7)", "pytest-mypy (>=0.9.1)", "pathlib2"]

[[package]]
name = "jinja2"
version = "3.1.3"
description = "A very fast and expressive template engine."
category = "main"
optional = false
python-versions = ">=3.7"

[package.dependencies]
MarkupSafe = ">=2.0"

[package.extras]
i18n = ["Babel (>=2.7)"]

[[package]]
name = "jsonschema"
version = "4.21.1"
description = "An implementation of JSON Schema validation for Python"
category = "main"
optional = false
python-versions = ">=3.8"

[package.dependencies]
attrs = ">=22.2.0"
jsonschema-specifications = ">=2023.03.6"
referencing = ">=0.28.4"
rpds-py = ">=0.7.1"

[package.extras]
format = ["fqdn", "idna", "isoduration", "jsonpointer (>1.13)", "rfc3339-validator", "rfc3987", "uri-template", "webcolors (>=1.11)"]
format-nongpl = ["fqdn", "idna", "isoduration", "jsonpointer (>1.13)", "rfc3339-validator", "rfc3986-validator (>0.1.0)", "uri-template", "webcolors (>=1.11)"]

[[package]]
name = "jsonschema-specifications"
version = "2023.12.1"
description = "The JSON Schema meta-schemas and vocabularies, exposed as a Registry"
category = "main"
optional = false
python-versions = ">=3.8"

[package.dependencies]
referencing = ">=0.31.0"

[[package]]
name = "lxml"
version = "5.2.1"
description = "Powerful and Pythonic XML processing library combining libxml2/libxslt with the ElementTree API."
category = "main"
optional = false
python-versions = ">=3.6"

[package.extras]
cssselect = ["cssselect (>=0.7)"]
html5 = ["html5lib"]
html-clean = ["lxml-html-clean"]
htmlsoup = ["beautifulsoup4"]
source = ["Cython (>=3.0.10)"]

[[package]]
name = "mako"
version = "1.3.2"
description = "A super-fast templating language that borrows the best ideas from the existing templating languages."
category = "main"
optional = false
python-versions = ">=3.8"

[package.dependencies]
MarkupSafe = ">=0.9.2"

[package.extras]
testing = ["pytest"]
babel = ["babel"]
lingua = ["lingua"]

[[package]]
name = "markdown"
version = "3.6"
description = "Python implementation of John Gruber's Markdown."
category = "main"
optional = false
python-versions = ">=3.8"

[package.extras]
docs = ["mkdocs (>=1.5)", "mkdocs-nature (>=0.6)", "mdx-gh-links (>=0.2)", "mkdocstrings", "mkdocs-gen-files", "mkdocs-section-index", "mkdocs-literate-nav"]
testing = ["coverage", "pyyaml"]

[[package]]
name = "markupsafe"
version = "2.1.5"
description = "Safely add untrusted strings to HTML/XML markup."
category = "main"
optional = false
python-versions = ">=3.7"

[[package]]
name = "more-itertools"
version = "10.2.0"
description = "More routines for operating on iterables, beyond itertools"
category = "main"
optional = false
python-versions = ">=3.8"

[[package]]
name = "msgpack"
version = "1.0.8"
description = "MessagePack serializer"
category = "main"
optional = false
python-versions = ">=3.8"

[[package]]
name = "netdisco"
version = "3.0.0"
description = "Discover devices on your local network"
category = "main"
optional = false
python-versions = ">=3"

[package.dependencies]
requests = ">=2.0"
zeroconf = ">=0.30.0"

[[package]]
name = "netifaces"
version = "0.11.0"
description = "Portable network interface information."
category = "main"
optional = false
python-versions = "*"

[[package]]
name = "nmcli"
version = "1.3.0"
description = "A python wrapper library for the network-manager cli client"
category = "main"
optional = false
python-versions = ">=3.7"

[[package]]
name = "noiseprotocol"
version = "0.3.1"
description = "Implementation of Noise Protocol Framework"
category = "main"
optional = false
python-versions = "~=3.5"

[package.dependencies]
cryptography = ">=2.8"

[[package]]
name = "ntplib"
version = "0.4.0"
description = "Python NTP library"
category = "main"
optional = false
python-versions = "*"

[[package]]
name = "numpy"
version = "1.26.4"
description = "Fundamental package for array computing in Python"
category = "main"
optional = false
python-versions = ">=3.9"

[[package]]
name = "nvrchannel"
version = "0.1.5"
description = ""
category = "main"
optional = false
python-versions = "*"

[[package]]
name = "oauthlib"
version = "3.2.2"
description = "A generic, spec-compliant, thorough implementation of the OAuth request-signing logic"
category = "main"
optional = false
python-versions = ">=3.6"

[package.extras]
rsa = ["cryptography (>=3.0.0)"]
signals = ["blinker (>=1.4.0)"]
signedtoken = ["cryptography (>=3.0.0)", "pyjwt (>=2.0.0,<3)"]

[[package]]
name = "opencv-python"
version = "4.9.0.80"
description = "Wrapper package for OpenCV python bindings."
category = "main"
optional = false
python-versions = ">=3.6"

[package.dependencies]
numpy = [
    {version = ">=1.21.2", markers = "python_version >= \"3.10\""},
    {version = ">=1.21.4", markers = "python_version >= \"3.10\" and platform_system == \"Darwin\""},
    {version = ">=1.23.5", markers = "python_version >= \"3.11\""},
    {version = ">=1.26.0", markers = "python_version >= \"3.12\""},
    {version = ">=1.19.3", markers = "python_version >= \"3.6\" and platform_system == \"Linux\" and platform_machine == \"aarch64\" or python_version >= \"3.9\""},
    {version = ">=1.17.0", markers = "python_version >= \"3.7\""},
    {version = ">=1.17.3", markers = "python_version >= \"3.8\""},
]

[[package]]
name = "packaging"
version = "24.0"
description = "Core utilities for Python packages"
category = "main"
optional = false
python-versions = ">=3.7"

[[package]]
name = "paho-mqtt"
version = "1.6.0"
description = "MQTT version 5.0/3.1.1 client class"
category = "main"
optional = false
python-versions = "*"

[package.extras]
proxy = ["pysocks"]

[[package]]
name = "pam"
version = "0.2.0"
description = ""
category = "main"
optional = false
python-versions = "*"

[package.dependencies]
python-pam = "*"

[[package]]
name = "passlib"
version = "1.7.4"
description = "comprehensive password hashing framework supporting over 30 schemes"
category = "main"
optional = false
python-versions = "*"

[package.extras]
argon2 = ["argon2-cffi (>=18.2.0)"]
bcrypt = ["bcrypt (>=3.1.0)"]
build_docs = ["sphinx (>=1.6)", "sphinxcontrib-fulltoc (>=1.2.0)", "cloud-sptheme (>=1.10.1)"]
totp = ["cryptography"]

[[package]]
name = "peewee"
version = "3.17.1"
description = "a little orm"
category = "main"
optional = false
python-versions = "*"

[[package]]
name = "pillow"
version = "10.3.0"
description = "Python Imaging Library (Fork)"
category = "main"
optional = false
python-versions = ">=3.8"

[package.extras]
docs = ["furo", "olefile", "sphinx (>=2.4)", "sphinx-copybutton", "sphinx-inline-tabs", "sphinx-removed-in", "sphinxext-opengraph"]
fpx = ["olefile"]
mic = ["olefile"]
tests = ["check-manifest", "coverage", "defusedxml", "markdown2", "olefile", "packaging", "pyroma", "pytest", "pytest-cov", "pytest-timeout"]
typing = ["typing-extensions"]
xmp = ["defusedxml"]

[[package]]
name = "pint"
version = "0.23"
description = "Physical quantities module"
category = "main"
optional = false
python-versions = ">=3.9"

[package.dependencies]
typing-extensions = "*"

[package.extras]
babel = ["babel (<=2.8)"]
bench = ["pytest", "pytest-codspeed"]
dask = ["dask"]
mip = ["mip (>=1.13)"]
numpy = ["numpy (>=1.19.5)"]
pandas = ["pint-pandas (>=0.3)"]
test = ["pytest", "pytest-mpl", "pytest-cov", "pytest-subtests", "pytest-benchmark"]
testbase = ["pytest", "pytest-cov", "pytest-subtests", "pytest-benchmark"]
uncertainties = ["uncertainties (>=3.1.6)"]
xarray = ["xarray"]

[[package]]
name = "platformdirs"
version = "4.2.0"
description = "A small Python package for determining appropriate platform-specific dirs, e.g. a \"user data dir\"."
category = "main"
optional = false
python-versions = ">=3.8"

[package.extras]
docs = ["furo (>=2023.9.10)", "proselint (>=0.13)", "sphinx-autodoc-typehints (>=1.25.2)", "sphinx (>=7.2.6)"]
test = ["appdirs (==1.4.4)", "covdefaults (>=2.3)", "pytest-cov (>=4.1)", "pytest-mock (>=3.12)", "pytest (>=7.4.3)"]

[[package]]
name = "pluggy"
version = "1.4.0"
description = "plugin and hook calling mechanisms for python"
category = "main"
optional = false
python-versions = ">=3.8"

[package.extras]
dev = ["pre-commit", "tox"]
testing = ["pytest", "pytest-benchmark"]

[[package]]
name = "portend"
version = "3.2.0"
description = "TCP port monitoring and discovery"
category = "main"
optional = false
python-versions = ">=3.8"

[package.dependencies]
tempora = ">=1.8"

[package.extras]
docs = ["sphinx (>=3.5)", "jaraco.packaging (>=9)", "rst.linker (>=1.9)", "furo", "sphinx-lint"]
testing = ["pytest (>=6)", "pytest-checkdocs (>=2.4)", "pytest-cov", "pytest-enabler (>=2.2)", "pytest-ruff", "pytest-black (>=0.3.7)", "pytest-mypy (>=0.9.1)"]

[[package]]
name = "protobuf"
version = "5.26.1"
description = ""
category = "main"
optional = false
python-versions = ">=3.8"

[[package]]
name = "psutil"
version = "5.9.8"
description = "Cross-platform lib for process and system monitoring in Python."
category = "main"
optional = false
python-versions = ">=2.7, !=3.0.*, !=3.1.*, !=3.2.*, !=3.3.*, !=3.4.*, !=3.5.*"

[package.extras]
test = ["enum34", "ipaddress", "mock", "pywin32", "wmi"]

[[package]]
name = "ptyprocess"
version = "0.7.0"
description = "Run a subprocess in a pseudo terminal"
category = "main"
optional = false
python-versions = "*"

[[package]]
name = "pycparser"
version = "2.22"
description = "C parser in Python"
category = "main"
optional = false
python-versions = ">=3.8"

[[package]]
name = "pyflakes"
version = "3.2.0"
description = "passive checker of Python programs"
category = "main"
optional = false
python-versions = ">=3.8"

[[package]]
name = "pygments"
version = "2.17.2"
description = "Pygments is a syntax highlighting package written in Python."
category = "main"
optional = false
python-versions = ">=3.7"

[package.extras]
plugins = ["importlib-metadata"]
windows-terminal = ["colorama (>=0.4.6)"]

[[package]]
name = "pygrep"
version = "0.3"
description = "Find python identifiers"
category = "main"
optional = false
python-versions = "*"

[package.extras]
dev = ["pytest"]

[[package]]
name = "pynput"
version = "1.7.6"
description = "Monitor and control user input devices"
category = "main"
optional = false
python-versions = "*"

[package.dependencies]
evdev = {version = ">=1.3", markers = "sys_platform in \"linux\""}
pyobjc-framework-ApplicationServices = {version = ">=8.0", markers = "sys_platform == \"darwin\""}
pyobjc-framework-Quartz = {version = ">=8.0", markers = "sys_platform == \"darwin\""}
python-xlib = {version = ">=0.17", markers = "sys_platform in \"linux\""}
six = "*"

[[package]]
name = "pyobjc-core"
version = "10.2"
description = "Python<->ObjC Interoperability Module"
category = "main"
optional = false
python-versions = ">=3.8"

[[package]]
name = "pyobjc-framework-applicationservices"
version = "10.2"
description = "Wrappers for the framework ApplicationServices on macOS"
category = "main"
optional = false
python-versions = ">=3.8"

[package.dependencies]
pyobjc-core = ">=10.2"
pyobjc-framework-Cocoa = ">=10.2"
pyobjc-framework-CoreText = ">=10.2"
pyobjc-framework-Quartz = ">=10.2"

[[package]]
name = "pyobjc-framework-cocoa"
version = "10.2"
description = "Wrappers for the Cocoa frameworks on macOS"
category = "main"
optional = false
python-versions = ">=3.8"

[package.dependencies]
pyobjc-core = ">=10.2"

[[package]]
name = "pyobjc-framework-coretext"
version = "10.2"
description = "Wrappers for the framework CoreText on macOS"
category = "main"
optional = false
python-versions = ">=3.8"

[package.dependencies]
pyobjc-core = ">=10.2"
pyobjc-framework-Cocoa = ">=10.2"
pyobjc-framework-Quartz = ">=10.2"

[[package]]
name = "pyobjc-framework-quartz"
version = "10.2"
description = "Wrappers for the Quartz frameworks on macOS"
category = "main"
optional = false
python-versions = ">=3.8"

[package.dependencies]
pyobjc-core = ">=10.2"
pyobjc-framework-Cocoa = ">=10.2"

[[package]]
name = "pyserial"
version = "3.5"
description = "Python Serial Port Extension"
category = "main"
optional = false
python-versions = "*"

[package.extras]
cp2110 = ["hidapi"]

[[package]]
name = "pytest"
version = "8.1.1"
description = "pytest: simple powerful testing with Python"
category = "main"
optional = false
python-versions = ">=3.8"

[package.dependencies]
colorama = {version = "*", markers = "sys_platform == \"win32\""}
exceptiongroup = {version = ">=1.0.0rc8", markers = "python_version < \"3.11\""}
iniconfig = "*"
packaging = "*"
pluggy = ">=1.4,<2.0"
tomli = {version = ">=1", markers = "python_version < \"3.11\""}

[package.extras]
testing = ["argcomplete", "attrs (>=19.2)", "hypothesis (>=3.56)", "mock", "pygments (>=2.7.2)", "requests", "setuptools", "xmlschema"]

[[package]]
name = "python-dateutil"
version = "2.9.0.post0"
description = "Extensions to the standard Python datetime module"
category = "main"
optional = false
python-versions = "!=3.0.*,!=3.1.*,!=3.2.*,>=2.7"

[package.dependencies]
six = ">=1.5"

[[package]]
name = "python-magic"
version = "0.4.27"
description = "File type identification using libmagic"
category = "main"
optional = false
python-versions = ">=2.7, !=3.0.*, !=3.1.*, !=3.2.*, !=3.3.*, !=3.4.*"

[[package]]
name = "python-mpv-jsonipc"
version = "1.2.0"
description = "Python API to MPV using JSON IPC"
category = "main"
optional = false
python-versions = ">=3.6"

[[package]]
name = "python-pam"
version = "2.0.2"
description = "Python PAM module using ctypes, py3"
category = "main"
optional = false
python-versions = "*"

[[package]]
name = "python-rtmidi"
version = "1.5.0"
description = "A Python binding for the RtMidi C++ library implemented using Cython."
category = "main"
optional = false
python-versions = "*"

[[package]]
name = "python-xlib"
version = "0.33"
description = "Python X Library"
category = "main"
optional = false
python-versions = "*"

[package.dependencies]
six = ">=1.10.0"

[[package]]
name = "pytz"
version = "2024.1"
description = "World timezone definitions, modern and historical"
category = "main"
optional = false
python-versions = "*"

[[package]]
name = "pywinpty"
version = "2.0.13"
description = "Pseudo terminal support for Windows from Python."
category = "main"
optional = false
python-versions = ">=3.8"

[[package]]
name = "pyyaml"
version = "6.0.1"
description = "YAML parser and emitter for Python"
category = "main"
optional = false
python-versions = ">=3.6"

[[package]]
name = "referencing"
version = "0.34.0"
description = "JSON Referencing + Python"
category = "main"
optional = false
python-versions = ">=3.8"

[package.dependencies]
attrs = ">=22.2.0"
rpds-py = ">=0.7.0"

[[package]]
name = "requests"
version = "2.31.0"
description = "Python HTTP for Humans."
category = "main"
optional = false
python-versions = ">=3.7"

[package.dependencies]
certifi = ">=2017.4.17"
charset-normalizer = ">=2,<4"
idna = ">=2.5,<4"
urllib3 = ">=1.21.1,<3"

[package.extras]
socks = ["PySocks (>=1.5.6,!=1.5.7)"]
use_chardet_on_py3 = ["chardet (>=3.0.2,<6)"]

[[package]]
name = "requests-file"
version = "2.0.0"
description = "File transport adapter for Requests"
category = "main"
optional = false
python-versions = "*"

[package.dependencies]
requests = ">=1.0.0"

[[package]]
name = "requests-oauthlib"
version = "2.0.0"
description = "OAuthlib authentication support for Requests."
category = "main"
optional = false
python-versions = ">=3.4"

[package.dependencies]
oauthlib = ">=3.0.0"
requests = ">=2.0.0"

[package.extras]
rsa = ["oauthlib[signedtoken] (>=3.0.0)"]

[[package]]
name = "requests-toolbelt"
version = "1.0.0"
description = "A utility belt for advanced users of python-requests"
category = "main"
optional = false
python-versions = ">=2.7, !=3.0.*, !=3.1.*, !=3.2.*, !=3.3.*"

[package.dependencies]
requests = ">=2.0.1,<3.0.0"

[[package]]
name = "rpds-py"
version = "0.18.0"
description = "Python bindings to Rust's persistent data structures (rpds)"
category = "main"
optional = false
python-versions = ">=3.8"

[[package]]
name = "scipy"
version = "1.13.0"
description = "Fundamental algorithms for scientific computing in Python"
category = "main"
optional = false
python-versions = ">=3.9"

[package.dependencies]
numpy = ">=1.22.4,<2.3"

[package.extras]
test = ["pytest", "pytest-cov", "pytest-timeout", "pytest-xdist", "asv", "mpmath", "gmpy2", "threadpoolctl", "scikit-umfpack", "pooch", "hypothesis (>=6.30)", "array-api-strict"]
doc = ["sphinx (>=5.0.0)", "pydata-sphinx-theme (>=0.15.2)", "sphinx-design (>=0.4.0)", "matplotlib (>=3.5)", "numpydoc", "jupytext", "myst-nb", "pooch", "jupyterlite-sphinx (>=0.12.0)", "jupyterlite-pyodide-kernel"]
dev = ["mypy", "typing-extensions", "types-psutil", "pycodestyle", "ruff", "cython-lint (>=0.12.2)", "rich-click", "doit (>=0.36.0)", "pydevtool"]

[[package]]
name = "scullery"
version = "0.1.16"
description = "A utility library based on KaithemAutomation featuring a GStreamer wrapper"
category = "main"
optional = false
python-versions = ">=3.6"

[package.dependencies]
paho-mqtt = "*"
pint = "*"
pyyaml = "*"
typeguard = "*"

[[package]]
name = "setproctitle"
version = "1.3.3"
description = "A Python module to customize the process title"
category = "main"
optional = false
python-versions = ">=3.7"

[package.extras]
test = ["pytest"]

[[package]]
name = "sf2utils"
version = "1.0.0"
description = "Sound font 2 parsing library and utilities"
category = "main"
optional = false
python-versions = ">=2.7"

[[package]]
name = "simpleeval"
version = "0.9.13"
description = "A simple, safe single expression evaluator library."
category = "main"
optional = false
python-versions = "*"

[[package]]
name = "six"
version = "1.16.0"
description = "Python 2 and 3 compatibility utilities"
category = "main"
optional = false
python-versions = ">=2.7, !=3.0.*, !=3.1.*, !=3.2.*"

[[package]]
name = "tatsu"
version = "5.8.3"
description = "TatSu takes a grammar in a variation of EBNF as input, and outputs a memoizing PEG/Packrat parser in Python."
category = "main"
optional = false
python-versions = ">=3.8"

[package.extras]
future-regex = ["regex"]

[[package]]
name = "tempora"
version = "5.5.1"
description = "Objects and routines pertaining to date and time (tempora)"
category = "main"
optional = false
python-versions = ">=3.8"

[package.dependencies]
"jaraco.functools" = ">=1.20"
pytz = "*"

[package.extras]
docs = ["sphinx (>=3.5)", "jaraco.packaging (>=9.3)", "rst.linker (>=1.9)", "furo", "sphinx-lint", "jaraco.tidelift (>=1.4)"]
testing = ["pytest (>=6)", "pytest-checkdocs (>=2.4)", "pytest-cov", "pytest-enabler (>=2.2)", "pytest-ruff (>=0.2.1)", "pytest-freezer", "types-pytz", "pytest-mypy"]

[[package]]
name = "terminado"
version = "0.18.1"
description = "Tornado websocket backend for the Xterm.js Javascript terminal emulator library."
category = "main"
optional = false
python-versions = ">=3.8"

[package.dependencies]
ptyprocess = {version = "*", markers = "os_name != \"nt\""}
pywinpty = {version = ">=1.1.0", markers = "os_name == \"nt\""}
tornado = ">=6.1.0"

[package.extras]
docs = ["myst-parser", "pydata-sphinx-theme", "sphinx"]
test = ["pre-commit", "pytest-timeout", "pytest (>=7.0)"]
typing = ["mypy (>=1.6,<2.0)", "traitlets (>=5.11.1)"]

[[package]]
name = "textdistance"
version = "4.6.1"
description = "Compute distance between the two texts."
category = "main"
optional = false
python-versions = ">=3.5"

[package.extras]
dameraulevenshtein = ["rapidfuzz (>=2.6.0)", "jellyfish", "pyxdameraulevenshtein"]
hamming = ["levenshtein", "rapidfuzz (>=2.6.0)", "jellyfish", "distance"]
jaro = ["rapidfuzz (>=2.6.0)", "levenshtein"]
jarowinkler = ["rapidfuzz (>=2.6.0)", "jellyfish"]
levenshtein = ["rapidfuzz (>=2.6.0)", "levenshtein"]
all = ["jellyfish", "numpy", "levenshtein", "pyxdameraulevenshtein", "rapidfuzz (>=2.6.0)", "distance", "pylev", "py-stringmatching", "tabulate"]
benchmark = ["jellyfish", "numpy", "levenshtein", "pyxdameraulevenshtein", "rapidfuzz (>=2.6.0)", "distance", "pylev", "py-stringmatching", "tabulate"]
benchmarks = ["jellyfish", "numpy", "levenshtein", "pyxdameraulevenshtein", "rapidfuzz (>=2.6.0)", "distance", "pylev", "py-stringmatching", "tabulate"]
common = ["jellyfish", "numpy", "levenshtein", "pyxdameraulevenshtein", "rapidfuzz (>=2.6.0)"]
extra = ["jellyfish", "numpy", "levenshtein", "pyxdameraulevenshtein", "rapidfuzz (>=2.6.0)"]
extras = ["jellyfish", "numpy", "levenshtein", "pyxdameraulevenshtein", "rapidfuzz (>=2.6.0)"]
lint = ["twine", "mypy", "isort", "flake8", "types-tabulate", "flake8-blind-except", "flake8-bugbear", "flake8-commas", "flake8-logging-format", "flake8-mutable", "flake8-pep3101", "flake8-quotes", "flake8-string-format", "flake8-tidy-imports", "pep8-naming"]
test = ["hypothesis", "isort", "numpy", "pytest"]

[[package]]
name = "tflite-runtime"
version = "2.14.0"
description = "TensorFlow Lite is for mobile and embedded devices."
category = "main"
optional = false
python-versions = "*"

[package.dependencies]
numpy = ">=1.23.2"

[[package]]
name = "tinytag"
version = "1.10.1"
description = "Read music meta data and length of MP3, OGG, OPUS, MP4, M4A, FLAC, WMA and Wave files"
category = "main"
optional = false
python-versions = ">=2.7"

[package.extras]
tests = ["pytest", "pytest-cov", "flake8"]

[[package]]
name = "toml"
version = "0.10.2"
description = "Python Library for Tom's Obvious, Minimal Language"
category = "main"
optional = false
python-versions = ">=2.6, !=3.0.*, !=3.1.*, !=3.2.*"

[[package]]
name = "tomli"
version = "2.0.1"
description = "A lil' TOML parser"
category = "main"
optional = false
python-versions = ">=3.7"

[[package]]
name = "tornado"
version = "6.4"
description = "Tornado is a Python web framework and asynchronous networking library, originally developed at FriendFeed."
category = "main"
optional = false
python-versions = ">= 3.8"

[[package]]
name = "typeguard"
version = "4.2.1"
description = "Run-time type checker for Python"
category = "main"
optional = false
python-versions = ">=3.8"

[package.dependencies]
typing-extensions = {version = ">=4.10.0", markers = "python_version < \"3.13\""}

[package.extras]
doc = ["packaging", "Sphinx (>=7)", "sphinx-autodoc-typehints (>=1.2.0)"]
test = ["coverage[toml] (>=7)", "pytest (>=7)", "mypy (>=1.2.0)"]

[[package]]
name = "types-pyyaml"
version = "6.0.12.20240311"
description = "Typing stubs for PyYAML"
category = "main"
optional = false
python-versions = ">=3.8"

[[package]]
name = "types-requests"
version = "2.31.0.20240406"
description = "Typing stubs for requests"
category = "main"
optional = false
python-versions = ">=3.8"

[package.dependencies]
urllib3 = ">=2"

[[package]]
name = "typing-extensions"
version = "4.11.0"
description = "Backported and Experimental Type Hints for Python 3.8+"
category = "main"
optional = false
python-versions = ">=3.8"

[[package]]
name = "tzdata"
version = "2024.1"
description = "Provider of IANA time zone data"
category = "main"
optional = false
python-versions = ">=2"

[[package]]
name = "upnpclient"
version = "0.0.8"
description = "Python 2 and 3 library for accessing uPnP devices."
category = "main"
optional = false
python-versions = "*"

[package.dependencies]
lxml = "*"
netdisco = "*"
python-dateutil = "*"
requests = "*"
six = "*"

[[package]]
name = "urllib3"
version = "2.2.1"
description = "HTTP library with thread-safe connection pooling, file post, and more."
category = "main"
optional = false
python-versions = ">=3.8"

[package.extras]
brotli = ["brotli (>=1.0.9)", "brotlicffi (>=0.8.0)"]
h2 = ["h2 (>=4,<5)"]
socks = ["pysocks (>=1.5.6,!=1.5.7,<2.0)"]
zstd = ["zstandard (>=0.18.0)"]

[[package]]
name = "urwid"
version = "2.6.10"
description = "A full-featured console (xterm et al.) user interface library"
category = "main"
optional = false
python-versions = ">3.7"

[package.dependencies]
typing-extensions = "*"
wcwidth = "*"

[package.extras]
curses = ["windows-curses"]
glib = ["pygobject"]
lcd = ["pyserial"]
serial = ["pyserial"]
tornado = ["tornado (>=5.0)"]
trio = ["trio (>=0.22.0)", "exceptiongroup"]
twisted = ["twisted"]
zmq = ["zmq"]

[[package]]
name = "vignette"
version = "5.1.1"
description = "Library to create FreeDesktop-compatible thumbnails"
category = "main"
optional = false
python-versions = ">=3.6"

[package.dependencies]
python-magic = "*"

[package.extras]
pillow = ["pillow (>=6.0)"]
pyqt6 = ["pyqt6"]
pythonmagick = ["pythonmagick"]

[[package]]
name = "wcwidth"
version = "0.2.13"
description = "Measures the displayed width of unicode strings in a terminal"
category = "main"
optional = false
python-versions = "*"

[[package]]
name = "websockets"
version = "12.0"
description = "An implementation of the WebSocket Protocol (RFC 6455 & 7692)"
category = "main"
optional = false
python-versions = ">=3.8"

[[package]]
name = "werkzeug"
version = "3.0.2"
description = "The comprehensive WSGI web application library."
category = "main"
optional = false
python-versions = ">=3.8"

[package.dependencies]
MarkupSafe = ">=2.1.1"

[package.extras]
watchdog = ["watchdog (>=2.3)"]

[[package]]
name = "yappi"
version = "1.6.0"
description = "Yet Another Python Profiler"
category = "main"
optional = false
python-versions = ">=3.6"

[package.extras]
test = ["gevent (>=20.6.2)"]

[[package]]
name = "yeelight"
version = "0.7.14"
description = "A Python library for controlling YeeLight RGB bulbs."
category = "main"
optional = false
python-versions = ">=3.4"

[package.dependencies]
async-timeout = {version = "*", markers = "python_version < \"3.11\""}
future = "*"
ifaddr = "*"

[package.extras]
dev = ["flake8", "flake8-docstrings", "flake8-import-order", "flake8-tidy-imports", "pep8-naming", "sphinx", "sphinx-rtd-theme"]

[[package]]
name = "zc.lockfile"
version = "3.0.post1"
description = "Basic inter-process locks"
category = "main"
optional = false
python-versions = ">=3.7"

[package.extras]
test = ["zope.testing"]

[[package]]
name = "zeep"
version = "4.2.1"
description = "A Python SOAP client"
category = "main"
optional = false
python-versions = ">=3.7"

[package.dependencies]
attrs = ">=17.2.0"
isodate = ">=0.5.4"
lxml = ">=4.6.0"
platformdirs = ">=1.4.0"
pytz = "*"
requests = ">=2.7.0"
requests-file = ">=1.5.1"
requests-toolbelt = ">=0.7.1"

[package.extras]
async = ["httpx (>=0.15.0)"]
docs = ["sphinx (>=1.4.0)"]
test = ["coverage[toml] (==5.2.1)", "freezegun (==0.3.15)", "pretend (==1.0.9)", "pytest-cov (==2.8.1)", "pytest-httpx", "pytest-asyncio", "pytest (==6.2.5)", "requests-mock (>=0.7.0)", "isort (==5.3.2)", "flake8 (==3.8.3)", "flake8-blind-except (==0.1.1)", "flake8-debugger (==3.2.1)", "flake8-imports (==0.1.1)"]
xmlsec = ["xmlsec (>=0.6.1)"]

[[package]]
name = "zeroconf"
version = "0.119.0"
description = "A pure python implementation of multicast DNS service discovery"
category = "main"
optional = false
python-versions = ">=3.7,<4.0"

[package.dependencies]
async-timeout = {version = ">=3.0.0", markers = "python_version < \"3.11\""}
ifaddr = ">=0.1.7"

[metadata]
lock-version = "1.1"
    python-versions = "^3.10"
content-hash = "fe983d30de121c1d5af1b25a684dee7ae0f1c2c0d7d9d5bfe20f3b0dd4c82fad"

[metadata.files]
aioesphomeapi = []
apprise = []
astral = []
async-timeout = []
attr = []
attrs = []
autocommand = []
"backports.tarfile" = []
blinker = []
certifi = []
cffi = []
chacha20poly1305-reuseable = []
charset-normalizer = []
cheroot = []
cherrypy = []
click = []
colorama = []
colorzero = []
cryptography = []
evdev = []
exceptiongroup = []
ffmpeg-python = []
flask = []
future = []
gpiozero = []
holidays = []
icemedia = []
idna = []
ifaddr = []
inflect = []
iniconfig = []
iot-devices = []
isodate = []
itsdangerous = []
jack-client = []
"jaraco.collections" = []
"jaraco.context" = []
"jaraco.functools" = []
"jaraco.text" = []
jinja2 = []
jsonschema = []
jsonschema-specifications = []
lxml = []
mako = []
markdown = []
markupsafe = []
more-itertools = []
msgpack = []
netdisco = []
netifaces = []
nmcli = []
noiseprotocol = []
ntplib = []
numpy = []
nvrchannel = []
oauthlib = []
opencv-python = []
packaging = []
paho-mqtt = []
pam = []
passlib = []
peewee = []
pillow = []
pint = []
platformdirs = []
pluggy = []
portend = []
protobuf = []
psutil = []
ptyprocess = []
pycparser = []
pyflakes = []
pygments = []
pygrep = []
pynput = []
pyobjc-core = []
pyobjc-framework-applicationservices = []
pyobjc-framework-cocoa = []
pyobjc-framework-coretext = []
pyobjc-framework-quartz = []
pyserial = []
pytest = []
python-dateutil = []
python-magic = []
python-mpv-jsonipc = []
python-pam = []
python-rtmidi = []
python-xlib = []
pytz = []
pywinpty = []
pyyaml = []
referencing = []
requests = []
requests-file = []
requests-oauthlib = []
requests-toolbelt = []
rpds-py = []
scipy = []
scullery = []
setproctitle = []
sf2utils = []
simpleeval = []
six = []
tatsu = []
tempora = []
terminado = []
textdistance = []
tflite-runtime = []
tinytag = []
toml = []
tomli = []
tornado = []
typeguard = []
types-pyyaml = []
types-requests = []
typing-extensions = []
tzdata = []
upnpclient = []
urllib3 = []
urwid = []
vignette = []
wcwidth = []
websockets = []
werkzeug = []
yappi = []
yeelight = []
"zc.lockfile" = []
zeep = []
zeroconf = []
